// !$*UTF8*$!
{
	archiveVersion = 1;
	classes = {
	};
	objectVersion = 52;
	objects = {

/* Begin PBXBuildFile section */
		DC160BD326043B0C00A00890 /* SidebarViewController.swift in Sources */ = {isa = PBXBuildFile; fileRef = DC160BD126043B0C00A00890 /* SidebarViewController.swift */; };
		DC4F63D926EF338100C39C09 /* Support.storyboard in Resources */ = {isa = PBXBuildFile; fileRef = DC4F63D826EF338100C39C09 /* Support.storyboard */; };
		DC589D26260B65C900B34C5D /* libc++.tbd in Frameworks */ = {isa = PBXBuildFile; fileRef = DC589D25260B65C900B34C5D /* libc++.tbd */; };
		DC589D28260B65CF00B34C5D /* libz.tbd in Frameworks */ = {isa = PBXBuildFile; fileRef = DC589D27260B65CF00B34C5D /* libz.tbd */; };
		DCC66C00247BF40C007DEF99 /* RealmObjects.swift in Sources */ = {isa = PBXBuildFile; fileRef = DCC66BFF247BF40C007DEF99 /* RealmObjects.swift */; };
		DCC66C02247CE524007DEF99 /* IndexViewController.swift in Sources */ = {isa = PBXBuildFile; fileRef = DCC66C01247CE524007DEF99 /* IndexViewController.swift */; };
		DCC66C05247CF767007DEF99 /* DetailViewController.swift in Sources */ = {isa = PBXBuildFile; fileRef = DCC66C03247CF767007DEF99 /* DetailViewController.swift */; };
		DCC66C08247E338E007DEF99 /* NSTextFiledWithIndicator.swift in Sources */ = {isa = PBXBuildFile; fileRef = DCC66C07247E338E007DEF99 /* NSTextFiledWithIndicator.swift */; };
		DCC66C0A247E339E007DEF99 /* NSTextFiledWithIndicator.xib in Resources */ = {isa = PBXBuildFile; fileRef = DCC66C09247E339E007DEF99 /* NSTextFiledWithIndicator.xib */; };
		DCC66C1E247E52B4007DEF99 /* URL+Base.swift in Sources */ = {isa = PBXBuildFile; fileRef = DCC66C1D247E52B4007DEF99 /* URL+Base.swift */; };
		DCC66C22247E91A6007DEF99 /* UserDefaults.swift in Sources */ = {isa = PBXBuildFile; fileRef = DCC66C21247E91A6007DEF99 /* UserDefaults.swift */; };
		DCD3E7C7247B9F65009D0339 /* AppDelegate.swift in Sources */ = {isa = PBXBuildFile; fileRef = DCD3E7C6247B9F65009D0339 /* AppDelegate.swift */; };
		DCD3E7C9247B9F65009D0339 /* EditorViewController.swift in Sources */ = {isa = PBXBuildFile; fileRef = DCD3E7C8247B9F65009D0339 /* EditorViewController.swift */; };
		DCD3E7CB247B9F66009D0339 /* Assets.xcassets in Resources */ = {isa = PBXBuildFile; fileRef = DCD3E7CA247B9F66009D0339 /* Assets.xcassets */; };
		DCD3E7CE247B9F66009D0339 /* Main.storyboard in Resources */ = {isa = PBXBuildFile; fileRef = DCD3E7CC247B9F66009D0339 /* Main.storyboard */; };
		DCE1FEC728DF24B9001E626C /* MyAppStore in Frameworks */ = {isa = PBXBuildFile; productRef = DCE1FEC628DF24B9001E626C /* MyAppStore */; };
		DCE1FECA28DF24D1001E626C /* XMLCoder in Frameworks */ = {isa = PBXBuildFile; productRef = DCE1FEC928DF24D1001E626C /* XMLCoder */; };
		DCFB3DB52483801F001BCA3A /* InfoPlist.strings in Resources */ = {isa = PBXBuildFile; fileRef = DCFB3DB32483801F001BCA3A /* InfoPlist.strings */; };
		DCFB3DB82483801F001BCA3A /* Localizable.strings in Resources */ = {isa = PBXBuildFile; fileRef = DCFB3DB62483801F001BCA3A /* Localizable.strings */; };
		F6D632F6C0891C3790CCC42E /* Pods_Xliff_Tool.framework in Frameworks */ = {isa = PBXBuildFile; fileRef = ECC4A17C59144316797486E8 /* Pods_Xliff_Tool.framework */; };
/* End PBXBuildFile section */

/* Begin PBXCopyFilesBuildPhase section */
		DC589D24260B65B200B34C5D /* Embed Frameworks */ = {
			isa = PBXCopyFilesBuildPhase;
			buildActionMask = 2147483647;
			dstPath = "";
			dstSubfolderSpec = 10;
			files = (
			);
			name = "Embed Frameworks";
			runOnlyForDeploymentPostprocessing = 0;
		};
/* End PBXCopyFilesBuildPhase section */

/* Begin PBXFileReference section */
		A2B1A4824CE8D43B3CC954FA /* Pods-Xliff Tool.debug.xcconfig */ = {isa = PBXFileReference; includeInIndex = 1; lastKnownFileType = text.xcconfig; name = "Pods-Xliff Tool.debug.xcconfig"; path = "Target Support Files/Pods-Xliff Tool/Pods-Xliff Tool.debug.xcconfig"; sourceTree = "<group>"; };
		D2AF4ED258AA7C0775836C67 /* Pods-Xliff Tool.release.xcconfig */ = {isa = PBXFileReference; includeInIndex = 1; lastKnownFileType = text.xcconfig; name = "Pods-Xliff Tool.release.xcconfig"; path = "Target Support Files/Pods-Xliff Tool/Pods-Xliff Tool.release.xcconfig"; sourceTree = "<group>"; };
		DC160BD126043B0C00A00890 /* SidebarViewController.swift */ = {isa = PBXFileReference; lastKnownFileType = sourcecode.swift; path = SidebarViewController.swift; sourceTree = "<group>"; };
		DC4F63D826EF338100C39C09 /* Support.storyboard */ = {isa = PBXFileReference; lastKnownFileType = file.storyboard; path = Support.storyboard; sourceTree = "<group>"; };
		DC589D25260B65C900B34C5D /* libc++.tbd */ = {isa = PBXFileReference; lastKnownFileType = "sourcecode.text-based-dylib-definition"; name = "libc++.tbd"; path = "usr/lib/libc++.tbd"; sourceTree = SDKROOT; };
		DC589D27260B65CF00B34C5D /* libz.tbd */ = {isa = PBXFileReference; lastKnownFileType = "sourcecode.text-based-dylib-definition"; name = libz.tbd; path = usr/lib/libz.tbd; sourceTree = SDKROOT; };
		DCC66BFF247BF40C007DEF99 /* RealmObjects.swift */ = {isa = PBXFileReference; lastKnownFileType = sourcecode.swift; path = RealmObjects.swift; sourceTree = "<group>"; };
		DCC66C01247CE524007DEF99 /* IndexViewController.swift */ = {isa = PBXFileReference; lastKnownFileType = sourcecode.swift; path = IndexViewController.swift; sourceTree = "<group>"; };
		DCC66C03247CF767007DEF99 /* DetailViewController.swift */ = {isa = PBXFileReference; lastKnownFileType = sourcecode.swift; path = DetailViewController.swift; sourceTree = "<group>"; };
		DCC66C07247E338E007DEF99 /* NSTextFiledWithIndicator.swift */ = {isa = PBXFileReference; lastKnownFileType = sourcecode.swift; path = NSTextFiledWithIndicator.swift; sourceTree = "<group>"; };
		DCC66C09247E339E007DEF99 /* NSTextFiledWithIndicator.xib */ = {isa = PBXFileReference; lastKnownFileType = file.xib; path = NSTextFiledWithIndicator.xib; sourceTree = "<group>"; };
		DCC66C1D247E52B4007DEF99 /* URL+Base.swift */ = {isa = PBXFileReference; lastKnownFileType = sourcecode.swift; path = "URL+Base.swift"; sourceTree = "<group>"; };
		DCC66C20247E5AFE007DEF99 /* zh-Hans */ = {isa = PBXFileReference; lastKnownFileType = text.plist.strings; name = "zh-Hans"; path = "zh-Hans.lproj/Main.strings"; sourceTree = "<group>"; };
		DCC66C21247E91A6007DEF99 /* UserDefaults.swift */ = {isa = PBXFileReference; lastKnownFileType = sourcecode.swift; path = UserDefaults.swift; sourceTree = "<group>"; };
		DCD3E7C3247B9F65009D0339 /* Xliff Tool.app */ = {isa = PBXFileReference; explicitFileType = wrapper.application; includeInIndex = 0; path = "Xliff Tool.app"; sourceTree = BUILT_PRODUCTS_DIR; };
		DCD3E7C6247B9F65009D0339 /* AppDelegate.swift */ = {isa = PBXFileReference; lastKnownFileType = sourcecode.swift; path = AppDelegate.swift; sourceTree = "<group>"; };
		DCD3E7C8247B9F65009D0339 /* EditorViewController.swift */ = {isa = PBXFileReference; lastKnownFileType = sourcecode.swift; path = EditorViewController.swift; sourceTree = "<group>"; };
		DCD3E7CA247B9F66009D0339 /* Assets.xcassets */ = {isa = PBXFileReference; lastKnownFileType = folder.assetcatalog; path = Assets.xcassets; sourceTree = "<group>"; };
		DCD3E7CD247B9F66009D0339 /* Base */ = {isa = PBXFileReference; lastKnownFileType = file.storyboard; name = Base; path = Base.lproj/Main.storyboard; sourceTree = "<group>"; };
		DCD3E7CF247B9F66009D0339 /* Info.plist */ = {isa = PBXFileReference; lastKnownFileType = text.plist.xml; path = Info.plist; sourceTree = "<group>"; };
		DCD3E7D0247B9F66009D0339 /* Xliff_Tool.entitlements */ = {isa = PBXFileReference; lastKnownFileType = text.plist.entitlements; path = Xliff_Tool.entitlements; sourceTree = "<group>"; };
		DCFB3DB42483801F001BCA3A /* zh-Hans */ = {isa = PBXFileReference; lastKnownFileType = text.plist.strings; name = "zh-Hans"; path = "zh-Hans.lproj/InfoPlist.strings"; sourceTree = "<group>"; };
		DCFB3DB72483801F001BCA3A /* zh-Hans */ = {isa = PBXFileReference; lastKnownFileType = text.plist.strings; name = "zh-Hans"; path = "zh-Hans.lproj/Localizable.strings"; sourceTree = "<group>"; };
		ECC4A17C59144316797486E8 /* Pods_Xliff_Tool.framework */ = {isa = PBXFileReference; explicitFileType = wrapper.framework; includeInIndex = 0; path = Pods_Xliff_Tool.framework; sourceTree = BUILT_PRODUCTS_DIR; };
/* End PBXFileReference section */

/* Begin PBXFrameworksBuildPhase section */
		DCD3E7C0247B9F65009D0339 /* Frameworks */ = {
			isa = PBXFrameworksBuildPhase;
			buildActionMask = 2147483647;
			files = (
				DC589D28260B65CF00B34C5D /* libz.tbd in Frameworks */,
				DC589D26260B65C900B34C5D /* libc++.tbd in Frameworks */,
				DCE1FECA28DF24D1001E626C /* XMLCoder in Frameworks */,
				DCE1FEC728DF24B9001E626C /* MyAppStore in Frameworks */,
				F6D632F6C0891C3790CCC42E /* Pods_Xliff_Tool.framework in Frameworks */,
			);
			runOnlyForDeploymentPostprocessing = 0;
		};
/* End PBXFrameworksBuildPhase section */

/* Begin PBXGroup section */
		DC589D1D260B65B200B34C5D /* Frameworks */ = {
			isa = PBXGroup;
			children = (
				DC589D27260B65CF00B34C5D /* libz.tbd */,
				DC589D25260B65C900B34C5D /* libc++.tbd */,
				ECC4A17C59144316797486E8 /* Pods_Xliff_Tool.framework */,
			);
			name = Frameworks;
			sourceTree = "<group>";
		};
		DC589D2C260B778A00B34C5D /* Model */ = {
			isa = PBXGroup;
			children = (
				DCC66BFF247BF40C007DEF99 /* RealmObjects.swift */,
			);
			path = Model;
			sourceTree = "<group>";
		};
		DCC66C1F247E52BE007DEF99 /* Tool */ = {
			isa = PBXGroup;
			children = (
				DCC66C1D247E52B4007DEF99 /* URL+Base.swift */,
				DCC66C21247E91A6007DEF99 /* UserDefaults.swift */,
			);
			path = Tool;
			sourceTree = "<group>";
		};
		DCD3E7BA247B9F65009D0339 = {
			isa = PBXGroup;
			children = (
				DCD3E7C5247B9F65009D0339 /* Xliff Tool */,
				DCD3E7C4247B9F65009D0339 /* Products */,
				DC589D1D260B65B200B34C5D /* Frameworks */,
				F40459A12C04D1E33D3AB5B5 /* Pods */,
			);
			sourceTree = "<group>";
		};
		DCD3E7C4247B9F65009D0339 /* Products */ = {
			isa = PBXGroup;
			children = (
				DCD3E7C3247B9F65009D0339 /* Xliff Tool.app */,
			);
			name = Products;
			sourceTree = "<group>";
		};
		DCD3E7C5247B9F65009D0339 /* Xliff Tool */ = {
			isa = PBXGroup;
			children = (
				DCD3E7C6247B9F65009D0339 /* AppDelegate.swift */,
				DC160BD126043B0C00A00890 /* SidebarViewController.swift */,
				DCD3E7C8247B9F65009D0339 /* EditorViewController.swift */,
				DCC66C01247CE524007DEF99 /* IndexViewController.swift */,
				DCC66C03247CF767007DEF99 /* DetailViewController.swift */,
				DC589D2C260B778A00B34C5D /* Model */,
				DCD3E7CA247B9F66009D0339 /* Assets.xcassets */,
				DCD3E7CC247B9F66009D0339 /* Main.storyboard */,
				DC4F63D826EF338100C39C09 /* Support.storyboard */,
				DCC66C07247E338E007DEF99 /* NSTextFiledWithIndicator.swift */,
				DCC66C09247E339E007DEF99 /* NSTextFiledWithIndicator.xib */,
				DCC66C1F247E52BE007DEF99 /* Tool */,
				DCD3E7CF247B9F66009D0339 /* Info.plist */,
				DCFB3DB62483801F001BCA3A /* Localizable.strings */,
				DCFB3DB32483801F001BCA3A /* InfoPlist.strings */,
				DCD3E7D0247B9F66009D0339 /* Xliff_Tool.entitlements */,
			);
			path = "Xliff Tool";
			sourceTree = "<group>";
		};
		F40459A12C04D1E33D3AB5B5 /* Pods */ = {
			isa = PBXGroup;
			children = (
				A2B1A4824CE8D43B3CC954FA /* Pods-Xliff Tool.debug.xcconfig */,
				D2AF4ED258AA7C0775836C67 /* Pods-Xliff Tool.release.xcconfig */,
			);
			path = Pods;
			sourceTree = "<group>";
		};
/* End PBXGroup section */

/* Begin PBXNativeTarget section */
		DCD3E7C2247B9F65009D0339 /* Xliff Tool */ = {
			isa = PBXNativeTarget;
			buildConfigurationList = DCD3E7D3247B9F66009D0339 /* Build configuration list for PBXNativeTarget "Xliff Tool" */;
			buildPhases = (
				2E147AD269D62AB3ED889017 /* [CP] Check Pods Manifest.lock */,
				DCD3E7BF247B9F65009D0339 /* Sources */,
				DCD3E7C0247B9F65009D0339 /* Frameworks */,
				DCD3E7C1247B9F65009D0339 /* Resources */,
				DC589D24260B65B200B34C5D /* Embed Frameworks */,
				18F556D42A41514532E4716E /* [CP] Embed Pods Frameworks */,
			);
			buildRules = (
			);
			dependencies = (
			);
			name = "Xliff Tool";
			packageProductDependencies = (
				DCE1FEC628DF24B9001E626C /* MyAppStore */,
				DCE1FEC928DF24D1001E626C /* XMLCoder */,
			);
			productName = "Xliff Tool";
			productReference = DCD3E7C3247B9F65009D0339 /* Xliff Tool.app */;
			productType = "com.apple.product-type.application";
		};
/* End PBXNativeTarget section */

/* Begin PBXProject section */
		DCD3E7BB247B9F65009D0339 /* Project object */ = {
			isa = PBXProject;
			attributes = {
				LastSwiftUpdateCheck = 1150;
				LastUpgradeCheck = 1400;
				ORGANIZATIONNAME = zhaoxin;
				TargetAttributes = {
					DCD3E7C2247B9F65009D0339 = {
						CreatedOnToolsVersion = 11.5;
					};
				};
			};
			buildConfigurationList = DCD3E7BE247B9F65009D0339 /* Build configuration list for PBXProject "Xliff Tool" */;
			compatibilityVersion = "Xcode 9.3";
			developmentRegion = en;
			hasScannedForEncodings = 0;
			knownRegions = (
				en,
				Base,
				"zh-Hans",
			);
			mainGroup = DCD3E7BA247B9F65009D0339;
			packageReferences = (
				DCE1FEC528DF24B9001E626C /* XCRemoteSwiftPackageReference "MyAppStore" */,
				DCE1FEC828DF24D1001E626C /* XCRemoteSwiftPackageReference "XMLCoder" */,
			);
			productRefGroup = DCD3E7C4247B9F65009D0339 /* Products */;
			projectDirPath = "";
			projectRoot = "";
			targets = (
				DCD3E7C2247B9F65009D0339 /* Xliff Tool */,
			);
		};
/* End PBXProject section */

/* Begin PBXResourcesBuildPhase section */
		DCD3E7C1247B9F65009D0339 /* Resources */ = {
			isa = PBXResourcesBuildPhase;
			buildActionMask = 2147483647;
			files = (
				DCC66C0A247E339E007DEF99 /* NSTextFiledWithIndicator.xib in Resources */,
				DCFB3DB82483801F001BCA3A /* Localizable.strings in Resources */,
				DCD3E7CB247B9F66009D0339 /* Assets.xcassets in Resources */,
				DCD3E7CE247B9F66009D0339 /* Main.storyboard in Resources */,
				DC4F63D926EF338100C39C09 /* Support.storyboard in Resources */,
				DCFB3DB52483801F001BCA3A /* InfoPlist.strings in Resources */,
			);
			runOnlyForDeploymentPostprocessing = 0;
		};
/* End PBXResourcesBuildPhase section */

/* Begin PBXShellScriptBuildPhase section */
		18F556D42A41514532E4716E /* [CP] Embed Pods Frameworks */ = {
			isa = PBXShellScriptBuildPhase;
			buildActionMask = 2147483647;
			files = (
			);
			inputFileListPaths = (
				"${PODS_ROOT}/Target Support Files/Pods-Xliff Tool/Pods-Xliff Tool-frameworks-${CONFIGURATION}-input-files.xcfilelist",
			);
			name = "[CP] Embed Pods Frameworks";
			outputFileListPaths = (
				"${PODS_ROOT}/Target Support Files/Pods-Xliff Tool/Pods-Xliff Tool-frameworks-${CONFIGURATION}-output-files.xcfilelist",
			);
			runOnlyForDeploymentPostprocessing = 0;
			shellPath = /bin/sh;
			shellScript = "\"${PODS_ROOT}/Target Support Files/Pods-Xliff Tool/Pods-Xliff Tool-frameworks.sh\"\n";
			showEnvVarsInLog = 0;
		};
		2E147AD269D62AB3ED889017 /* [CP] Check Pods Manifest.lock */ = {
			isa = PBXShellScriptBuildPhase;
			buildActionMask = 2147483647;
			files = (
			);
			inputFileListPaths = (
			);
			inputPaths = (
				"${PODS_PODFILE_DIR_PATH}/Podfile.lock",
				"${PODS_ROOT}/Manifest.lock",
			);
			name = "[CP] Check Pods Manifest.lock";
			outputFileListPaths = (
			);
			outputPaths = (
				"$(DERIVED_FILE_DIR)/Pods-Xliff Tool-checkManifestLockResult.txt",
			);
			runOnlyForDeploymentPostprocessing = 0;
			shellPath = /bin/sh;
			shellScript = "diff \"${PODS_PODFILE_DIR_PATH}/Podfile.lock\" \"${PODS_ROOT}/Manifest.lock\" > /dev/null\nif [ $? != 0 ] ; then\n    # print error to STDERR\n    echo \"error: The sandbox is not in sync with the Podfile.lock. Run 'pod install' or update your CocoaPods installation.\" >&2\n    exit 1\nfi\n# This output is used by Xcode 'outputs' to avoid re-running this script phase.\necho \"SUCCESS\" > \"${SCRIPT_OUTPUT_FILE_0}\"\n";
			showEnvVarsInLog = 0;
		};
/* End PBXShellScriptBuildPhase section */

/* Begin PBXSourcesBuildPhase section */
		DCD3E7BF247B9F65009D0339 /* Sources */ = {
			isa = PBXSourcesBuildPhase;
			buildActionMask = 2147483647;
			files = (
				DCD3E7C9247B9F65009D0339 /* EditorViewController.swift in Sources */,
				DCC66C00247BF40C007DEF99 /* RealmObjects.swift in Sources */,
				DCC66C1E247E52B4007DEF99 /* URL+Base.swift in Sources */,
				DCC66C05247CF767007DEF99 /* DetailViewController.swift in Sources */,
				DC160BD326043B0C00A00890 /* SidebarViewController.swift in Sources */,
				DCC66C22247E91A6007DEF99 /* UserDefaults.swift in Sources */,
				DCC66C08247E338E007DEF99 /* NSTextFiledWithIndicator.swift in Sources */,
				DCD3E7C7247B9F65009D0339 /* AppDelegate.swift in Sources */,
				DCC66C02247CE524007DEF99 /* IndexViewController.swift in Sources */,
			);
			runOnlyForDeploymentPostprocessing = 0;
		};
/* End PBXSourcesBuildPhase section */

/* Begin PBXVariantGroup section */
		DCD3E7CC247B9F66009D0339 /* Main.storyboard */ = {
			isa = PBXVariantGroup;
			children = (
				DCD3E7CD247B9F66009D0339 /* Base */,
				DCC66C20247E5AFE007DEF99 /* zh-Hans */,
			);
			name = Main.storyboard;
			sourceTree = "<group>";
		};
		DCFB3DB32483801F001BCA3A /* InfoPlist.strings */ = {
			isa = PBXVariantGroup;
			children = (
				DCFB3DB42483801F001BCA3A /* zh-Hans */,
			);
			name = InfoPlist.strings;
			sourceTree = "<group>";
		};
		DCFB3DB62483801F001BCA3A /* Localizable.strings */ = {
			isa = PBXVariantGroup;
			children = (
				DCFB3DB72483801F001BCA3A /* zh-Hans */,
			);
			name = Localizable.strings;
			sourceTree = "<group>";
		};
/* End PBXVariantGroup section */

/* Begin XCBuildConfiguration section */
		DCD3E7D1247B9F66009D0339 /* Debug */ = {
			isa = XCBuildConfiguration;
			buildSettings = {
				ALWAYS_SEARCH_USER_PATHS = NO;
				CLANG_ANALYZER_LOCALIZABILITY_NONLOCALIZED = YES;
				CLANG_ANALYZER_NONNULL = YES;
				CLANG_ANALYZER_NUMBER_OBJECT_CONVERSION = YES_AGGRESSIVE;
				CLANG_CXX_LANGUAGE_STANDARD = "gnu++14";
				CLANG_CXX_LIBRARY = "libc++";
				CLANG_ENABLE_MODULES = YES;
				CLANG_ENABLE_OBJC_ARC = YES;
				CLANG_ENABLE_OBJC_WEAK = YES;
				CLANG_WARN_BLOCK_CAPTURE_AUTORELEASING = YES;
				CLANG_WARN_BOOL_CONVERSION = YES;
				CLANG_WARN_COMMA = YES;
				CLANG_WARN_CONSTANT_CONVERSION = YES;
				CLANG_WARN_DEPRECATED_OBJC_IMPLEMENTATIONS = YES;
				CLANG_WARN_DIRECT_OBJC_ISA_USAGE = YES_ERROR;
				CLANG_WARN_DOCUMENTATION_COMMENTS = YES;
				CLANG_WARN_EMPTY_BODY = YES;
				CLANG_WARN_ENUM_CONVERSION = YES;
				CLANG_WARN_INFINITE_RECURSION = YES;
				CLANG_WARN_INT_CONVERSION = YES;
				CLANG_WARN_NON_LITERAL_NULL_CONVERSION = YES;
				CLANG_WARN_OBJC_IMPLICIT_RETAIN_SELF = YES;
				CLANG_WARN_OBJC_LITERAL_CONVERSION = YES;
				CLANG_WARN_OBJC_ROOT_CLASS = YES_ERROR;
				CLANG_WARN_QUOTED_INCLUDE_IN_FRAMEWORK_HEADER = YES;
				CLANG_WARN_RANGE_LOOP_ANALYSIS = YES;
				CLANG_WARN_STRICT_PROTOTYPES = YES;
				CLANG_WARN_SUSPICIOUS_MOVE = YES;
				CLANG_WARN_UNGUARDED_AVAILABILITY = YES_AGGRESSIVE;
				CLANG_WARN_UNREACHABLE_CODE = YES;
				CLANG_WARN__DUPLICATE_METHOD_MATCH = YES;
				COPY_PHASE_STRIP = NO;
				DEAD_CODE_STRIPPING = YES;
				DEBUG_INFORMATION_FORMAT = dwarf;
				ENABLE_STRICT_OBJC_MSGSEND = YES;
				ENABLE_TESTABILITY = YES;
				GCC_C_LANGUAGE_STANDARD = gnu11;
				GCC_DYNAMIC_NO_PIC = NO;
				GCC_NO_COMMON_BLOCKS = YES;
				GCC_OPTIMIZATION_LEVEL = 0;
				GCC_PREPROCESSOR_DEFINITIONS = (
					"DEBUG=1",
					"$(inherited)",
				);
				GCC_WARN_64_TO_32_BIT_CONVERSION = YES;
				GCC_WARN_ABOUT_RETURN_TYPE = YES_ERROR;
				GCC_WARN_UNDECLARED_SELECTOR = YES;
				GCC_WARN_UNINITIALIZED_AUTOS = YES_AGGRESSIVE;
				GCC_WARN_UNUSED_FUNCTION = YES;
				GCC_WARN_UNUSED_VARIABLE = YES;
				MACOSX_DEPLOYMENT_TARGET = 11.0;
				MTL_ENABLE_DEBUG_INFO = INCLUDE_SOURCE;
				MTL_FAST_MATH = YES;
				ONLY_ACTIVE_ARCH = YES;
				SDKROOT = macosx;
				SWIFT_ACTIVE_COMPILATION_CONDITIONS = DEBUG;
				SWIFT_OPTIMIZATION_LEVEL = "-Onone";
			};
			name = Debug;
		};
		DCD3E7D2247B9F66009D0339 /* Release */ = {
			isa = XCBuildConfiguration;
			buildSettings = {
				ALWAYS_SEARCH_USER_PATHS = NO;
				CLANG_ANALYZER_LOCALIZABILITY_NONLOCALIZED = YES;
				CLANG_ANALYZER_NONNULL = YES;
				CLANG_ANALYZER_NUMBER_OBJECT_CONVERSION = YES_AGGRESSIVE;
				CLANG_CXX_LANGUAGE_STANDARD = "gnu++14";
				CLANG_CXX_LIBRARY = "libc++";
				CLANG_ENABLE_MODULES = YES;
				CLANG_ENABLE_OBJC_ARC = YES;
				CLANG_ENABLE_OBJC_WEAK = YES;
				CLANG_WARN_BLOCK_CAPTURE_AUTORELEASING = YES;
				CLANG_WARN_BOOL_CONVERSION = YES;
				CLANG_WARN_COMMA = YES;
				CLANG_WARN_CONSTANT_CONVERSION = YES;
				CLANG_WARN_DEPRECATED_OBJC_IMPLEMENTATIONS = YES;
				CLANG_WARN_DIRECT_OBJC_ISA_USAGE = YES_ERROR;
				CLANG_WARN_DOCUMENTATION_COMMENTS = YES;
				CLANG_WARN_EMPTY_BODY = YES;
				CLANG_WARN_ENUM_CONVERSION = YES;
				CLANG_WARN_INFINITE_RECURSION = YES;
				CLANG_WARN_INT_CONVERSION = YES;
				CLANG_WARN_NON_LITERAL_NULL_CONVERSION = YES;
				CLANG_WARN_OBJC_IMPLICIT_RETAIN_SELF = YES;
				CLANG_WARN_OBJC_LITERAL_CONVERSION = YES;
				CLANG_WARN_OBJC_ROOT_CLASS = YES_ERROR;
				CLANG_WARN_QUOTED_INCLUDE_IN_FRAMEWORK_HEADER = YES;
				CLANG_WARN_RANGE_LOOP_ANALYSIS = YES;
				CLANG_WARN_STRICT_PROTOTYPES = YES;
				CLANG_WARN_SUSPICIOUS_MOVE = YES;
				CLANG_WARN_UNGUARDED_AVAILABILITY = YES_AGGRESSIVE;
				CLANG_WARN_UNREACHABLE_CODE = YES;
				CLANG_WARN__DUPLICATE_METHOD_MATCH = YES;
				COPY_PHASE_STRIP = NO;
				DEAD_CODE_STRIPPING = YES;
				DEBUG_INFORMATION_FORMAT = "dwarf-with-dsym";
				ENABLE_NS_ASSERTIONS = NO;
				ENABLE_STRICT_OBJC_MSGSEND = YES;
				GCC_C_LANGUAGE_STANDARD = gnu11;
				GCC_NO_COMMON_BLOCKS = YES;
				GCC_WARN_64_TO_32_BIT_CONVERSION = YES;
				GCC_WARN_ABOUT_RETURN_TYPE = YES_ERROR;
				GCC_WARN_UNDECLARED_SELECTOR = YES;
				GCC_WARN_UNINITIALIZED_AUTOS = YES_AGGRESSIVE;
				GCC_WARN_UNUSED_FUNCTION = YES;
				GCC_WARN_UNUSED_VARIABLE = YES;
				MACOSX_DEPLOYMENT_TARGET = 11.0;
				MTL_ENABLE_DEBUG_INFO = NO;
				MTL_FAST_MATH = YES;
				SDKROOT = macosx;
				SWIFT_COMPILATION_MODE = wholemodule;
				SWIFT_OPTIMIZATION_LEVEL = "-O";
			};
			name = Release;
		};
		DCD3E7D4247B9F66009D0339 /* Debug */ = {
			isa = XCBuildConfiguration;
			baseConfigurationReference = A2B1A4824CE8D43B3CC954FA /* Pods-Xliff Tool.debug.xcconfig */;
			buildSettings = {
				ASSETCATALOG_COMPILER_APPICON_NAME = AppIcon;
				CODE_SIGN_ENTITLEMENTS = "Xliff Tool/Xliff_Tool.entitlements";
				CODE_SIGN_IDENTITY = "Apple Development";
				CODE_SIGN_STYLE = Automatic;
				COMBINE_HIDPI_IMAGES = YES;
				CURRENT_PROJECT_VERSION = 30;
				DEAD_CODE_STRIPPING = YES;
				DEVELOPMENT_TEAM = 96NM39SGJ5;
				ENABLE_HARDENED_RUNTIME = YES;
				INFOPLIST_FILE = "Xliff Tool/Info.plist";
				LD_RUNPATH_SEARCH_PATHS = (
					"$(inherited)",
					"@executable_path/../Frameworks",
				);
				MARKETING_VERSION = 1.4.0;
				PRODUCT_BUNDLE_IDENTIFIER = "com.parussoft.Xliff-Tool";
				PRODUCT_NAME = "$(TARGET_NAME)";
				SWIFT_VERSION = 5.0;
			};
			name = Debug;
		};
		DCD3E7D5247B9F66009D0339 /* Release */ = {
			isa = XCBuildConfiguration;
			baseConfigurationReference = D2AF4ED258AA7C0775836C67 /* Pods-Xliff Tool.release.xcconfig */;
			buildSettings = {
				ASSETCATALOG_COMPILER_APPICON_NAME = AppIcon;
				CODE_SIGN_ENTITLEMENTS = "Xliff Tool/Xliff_Tool.entitlements";
				CODE_SIGN_IDENTITY = "Apple Development";
				CODE_SIGN_STYLE = Automatic;
				COMBINE_HIDPI_IMAGES = YES;
				CURRENT_PROJECT_VERSION = 30;
				DEAD_CODE_STRIPPING = YES;
				DEVELOPMENT_TEAM = 96NM39SGJ5;
				ENABLE_HARDENED_RUNTIME = YES;
				INFOPLIST_FILE = "Xliff Tool/Info.plist";
				LD_RUNPATH_SEARCH_PATHS = (
					"$(inherited)",
					"@executable_path/../Frameworks",
				);
				MARKETING_VERSION = 1.4.0;
				PRODUCT_BUNDLE_IDENTIFIER = "com.parussoft.Xliff-Tool";
				PRODUCT_NAME = "$(TARGET_NAME)";
				SWIFT_VERSION = 5.0;
			};
			name = Release;
		};
/* End XCBuildConfiguration section */

/* Begin XCConfigurationList section */
		DCD3E7BE247B9F65009D0339 /* Build configuration list for PBXProject "Xliff Tool" */ = {
			isa = XCConfigurationList;
			buildConfigurations = (
				DCD3E7D1247B9F66009D0339 /* Debug */,
				DCD3E7D2247B9F66009D0339 /* Release */,
			);
			defaultConfigurationIsVisible = 0;
			defaultConfigurationName = Release;
		};
		DCD3E7D3247B9F66009D0339 /* Build configuration list for PBXNativeTarget "Xliff Tool" */ = {
			isa = XCConfigurationList;
			buildConfigurations = (
				DCD3E7D4247B9F66009D0339 /* Debug */,
				DCD3E7D5247B9F66009D0339 /* Release */,
			);
			defaultConfigurationIsVisible = 0;
			defaultConfigurationName = Release;
		};
/* End XCConfigurationList section */

/* Begin XCRemoteSwiftPackageReference section */
		DCE1FEC528DF24B9001E626C /* XCRemoteSwiftPackageReference "MyAppStore" */ = {
			isa = XCRemoteSwiftPackageReference;
			repositoryURL = "https://github.com/owenzhao/MyAppStore.git";
			requirement = {
				kind = upToNextMajorVersion;
				minimumVersion = 1.0.0;
			};
		};
		DCE1FEC828DF24D1001E626C /* XCRemoteSwiftPackageReference "XMLCoder" */ = {
			isa = XCRemoteSwiftPackageReference;
			repositoryURL = "https://github.com/CoreOffice/XMLCoder.git";
			requirement = {
				kind = upToNextMajorVersion;
				minimumVersion = 0.9.0;
			};
		};
/* End XCRemoteSwiftPackageReference section */

/* Begin XCSwiftPackageProductDependency section */
		DCE1FEC628DF24B9001E626C /* MyAppStore */ = {
			isa = XCSwiftPackageProductDependency;
			package = DCE1FEC528DF24B9001E626C /* XCRemoteSwiftPackageReference "MyAppStore" */;
			productName = MyAppStore;
		};
		DCE1FEC928DF24D1001E626C /* XMLCoder */ = {
			isa = XCSwiftPackageProductDependency;
			package = DCE1FEC828DF24D1001E626C /* XCRemoteSwiftPackageReference "XMLCoder" */;
			productName = XMLCoder;
		};
/* End XCSwiftPackageProductDependency section */
	};
	rootObject = DCD3E7BB247B9F65009D0339 /* Project object */;
}
