{
  "object": {
    "pins": [
      {
        "package": "MyAppStore",
        "repositoryURL": "git@github.com:owenzhao/MyAppStore.git",
        "state": {
          "branch": null,
          "revision": "5b8d209bd569b29e6077f5675c04e1cb4c1894fb",
          "version": "1.2.12"
        }
      },
      {
        "package": "QRCodeKit",
        "repositoryURL": "git@github.com:owenzhao/QRCodeKit.git",
        "state": {
          "branch": null,
          "revision": "de4175c3cf86816ed800e48b67ddf44ed5a50082",
          "version": "1.0.1"
        }
      },
      {
        "package": "XMLCoder",
        "repositoryURL": "git@github.com:MaxDesiatov/XMLCoder.git",
        "state": {
          "branch": null,
          "revision": "887de88b37b2d691d67db950770e09776229cf6d",
          "version": "0.13.0"
        }
      },
      {
        "package": "ZIPFoundation",
        "repositoryURL": "git@github.com:weichsel/ZIPFoundation.git",
        "state": {
          "branch": null,
          "revision": "cf10bbff6ac3b873e97b36b9784c79866a051a8e",
          "version": "0.9.12"
        }
      }
    ]
  },
  "version": 1
}
