{
  "pins" : [
    {
      "identity" : "myappstore",
      "kind" : "remoteSourceControl",
      "location" : "git@github.com:owenzhao/MyAppStore.git",
      "state" : {
        "revision" : "7f2078bcc4a06d2a2046d44443dfe95aebf027c2",
        "version" : "1.4.8"
      }
    },
    {
      "identity" : "qrcodekit",
      "kind" : "remoteSourceControl",
      "location" : "git@github.com:owenzhao/QRCodeKit.git",
      "state" : {
        "revision" : "db92920d4b31aac79c4a4589ddd358006447b8ce",
        "version" : "1.0.2"
      }
    },
    {
      "identity" : "xmlcoder",
      "kind" : "remoteSourceControl",
      "location" : "git@github.com:MaxDesiatov/XMLCoder.git",
      "state" : {
        "revision" : "f30119af03996939cc4f54e0bf0dda9f88a84da5",
        "version" : "0.13.1"
      }
    },
    {
      "identity" : "zipfoundation",
      "kind" : "remoteSourceControl",
      "location" : "git@github.com:weichsel/ZIPFoundation.git",
      "state" : {
        "revision" : "7254c74b49cec2cb81520523ba993c671f71b066",
        "version" : "0.9.14"
      }
    }
  ],
  "version" : 2
}
